// !$*UTF8*$!
{
	archiveVersion = 1;
	classes = {
	};
	objectVersion = 46;
	objects = {

/* Begin PBXBuildFile section */
		5E8A52661A895EEE001D5164 /* AppDelegate.swift in Sources */ = {isa = PBXBuildFile; fileRef = 5E8A52651A895EEE001D5164 /* AppDelegate.swift */; };
		5E8A52681A895EEE001D5164 /* Images.xcassets in Resources */ = {isa = PBXBuildFile; fileRef = 5E8A52671A895EEE001D5164 /* Images.xcassets */; };
		5E8A526B1A895EEE001D5164 /* MainMenu.xib in Resources */ = {isa = PBXBuildFile; fileRef = 5E8A52691A895EEE001D5164 /* MainMenu.xib */; };
		5E8A52771A895EEE001D5164 /* SineWaver_Test2Tests.swift in Sources */ = {isa = PBXBuildFile; fileRef = 5E8A52761A895EEE001D5164 /* SineWaver_Test2Tests.swift */; };
		5E8A52811A8A9CEA001D5164 /* StraightLineClass.swift in Sources */ = {isa = PBXBuildFile; fileRef = 5E8A52801A8A9CEA001D5164 /* StraightLineClass.swift */; };
		5E8A52851A8AFB95001D5164 /* DrawingView.swift in Sources */ = {isa = PBXBuildFile; fileRef = 5E8A52841A8AFB95001D5164 /* DrawingView.swift */; };
/* End PBXBuildFile section */

/* Begin PBXContainerItemProxy section */
		5E8A52711A895EEE001D5164 /* PBXContainerItemProxy */ = {
			isa = PBXContainerItemProxy;
			containerPortal = 5E8A52581A895EEE001D5164 /* Project object */;
			proxyType = 1;
			remoteGlobalIDString = 5E8A525F1A895EEE001D5164;
			remoteInfo = SineWaver_Test2;
		};
/* End PBXContainerItemProxy section */

/* Begin PBXFileReference section */
		5E8A52601A895EEE001D5164 /* SineWaver_Test2.app */ = {isa = PBXFileReference; explicitFileType = wrapper.application; includeInIndex = 0; path = SineWaver_Test2.app; sourceTree = BUILT_PRODUCTS_DIR; };
		5E8A52641A895EEE001D5164 /* Info.plist */ = {isa = PBXFileReference; lastKnownFileType = text.plist.xml; path = Info.plist; sourceTree = "<group>"; };
		5E8A52651A895EEE001D5164 /* AppDelegate.swift */ = {isa = PBXFileReference; lastKnownFileType = sourcecode.swift; path = AppDelegate.swift; sourceTree = "<group>"; };
		5E8A52671A895EEE001D5164 /* Images.xcassets */ = {isa = PBXFileReference; lastKnownFileType = folder.assetcatalog; path = Images.xcassets; sourceTree = "<group>"; };
		5E8A526A1A895EEE001D5164 /* Base */ = {isa = PBXFileReference; lastKnownFileType = file.xib; name = Base; path = Base.lproj/MainMenu.xib; sourceTree = "<group>"; };
		5E8A52701A895EEE001D5164 /* SineWaver_Test2Tests.xctest */ = {isa = PBXFileReference; explicitFileType = wrapper.cfbundle; includeInIndex = 0; path = SineWaver_Test2Tests.xctest; sourceTree = BUILT_PRODUCTS_DIR; };
		5E8A52751A895EEE001D5164 /* Info.plist */ = {isa = PBXFileReference; lastKnownFileType = text.plist.xml; path = Info.plist; sourceTree = "<group>"; };
		5E8A52761A895EEE001D5164 /* SineWaver_Test2Tests.swift */ = {isa = PBXFileReference; lastKnownFileType = sourcecode.swift; path = SineWaver_Test2Tests.swift; sourceTree = "<group>"; };
		5E8A52801A8A9CEA001D5164 /* StraightLineClass.swift */ = {isa = PBXFileReference; fileEncoding = 4; lastKnownFileType = sourcecode.swift; path = StraightLineClass.swift; sourceTree = "<group>"; };
		5E8A52841A8AFB95001D5164 /* DrawingView.swift */ = {isa = PBXFileReference; fileEncoding = 4; lastKnownFileType = sourcecode.swift; name = DrawingView.swift; path = SineWaver_Test2Tests/DrawingView.swift; sourceTree = SOURCE_ROOT; };
/* End PBXFileReference section */

/* Begin PBXFrameworksBuildPhase section */
		5E8A525D1A895EEE001D5164 /* Frameworks */ = {
			isa = PBXFrameworksBuildPhase;
			buildActionMask = 2147483647;
			files = (
			);
			runOnlyForDeploymentPostprocessing = 0;
		};
		5E8A526D1A895EEE001D5164 /* Frameworks */ = {
			isa = PBXFrameworksBuildPhase;
			buildActionMask = 2147483647;
			files = (
			);
			runOnlyForDeploymentPostprocessing = 0;
		};
/* End PBXFrameworksBuildPhase section */

/* Begin PBXGroup section */
		5E8A52571A895EEE001D5164 = {
			isa = PBXGroup;
			children = (
				5E8A52621A895EEE001D5164 /* SineWaver_Test2 */,
				5E8A52731A895EEE001D5164 /* SineWaver_Test2Tests */,
				5E8A52611A895EEE001D5164 /* Products */,
			);
			sourceTree = "<group>";
		};
		5E8A52611A895EEE001D5164 /* Products */ = {
			isa = PBXGroup;
			children = (
				5E8A52601A895EEE001D5164 /* SineWaver_Test2.app */,
				5E8A52701A895EEE001D5164 /* SineWaver_Test2Tests.xctest */,
			);
			name = Products;
			sourceTree = "<group>";
		};
		5E8A52621A895EEE001D5164 /* SineWaver_Test2 */ = {
			isa = PBXGroup;
			children = (
				5E8A52651A895EEE001D5164 /* AppDelegate.swift */,
				5E8A52801A8A9CEA001D5164 /* StraightLineClass.swift */,
				5E8A52841A8AFB95001D5164 /* DrawingView.swift */,
				5E8A52671A895EEE001D5164 /* Images.xcassets */,
				5E8A52691A895EEE001D5164 /* MainMenu.xib */,
				5E8A52631A895EEE001D5164 /* Supporting Files */,
			);
			path = SineWaver_Test2;
			sourceTree = "<group>";
		};
		5E8A52631A895EEE001D5164 /* Supporting Files */ = {
			isa = PBXGroup;
			children = (
				5E8A52641A895EEE001D5164 /* Info.plist */,
			);
			name = "Supporting Files";
			sourceTree = "<group>";
		};
		5E8A52731A895EEE001D5164 /* SineWaver_Test2Tests */ = {
			isa = PBXGroup;
			children = (
				5E8A52761A895EEE001D5164 /* SineWaver_Test2Tests.swift */,
				5E8A52741A895EEE001D5164 /* Supporting Files */,
			);
			path = SineWaver_Test2Tests;
			sourceTree = "<group>";
		};
		5E8A52741A895EEE001D5164 /* Supporting Files */ = {
			isa = PBXGroup;
			children = (
				5E8A52751A895EEE001D5164 /* Info.plist */,
			);
			name = "Supporting Files";
			sourceTree = "<group>";
		};
/* End PBXGroup section */

/* Begin PBXNativeTarget section */
		5E8A525F1A895EEE001D5164 /* SineWaver_Test2 */ = {
			isa = PBXNativeTarget;
			buildConfigurationList = 5E8A527A1A895EEE001D5164 /* Build configuration list for PBXNativeTarget "SineWaver_Test2" */;
			buildPhases = (
				5E8A525C1A895EEE001D5164 /* Sources */,
				5E8A525D1A895EEE001D5164 /* Frameworks */,
				5E8A525E1A895EEE001D5164 /* Resources */,
			);
			buildRules = (
			);
			dependencies = (
			);
			name = SineWaver_Test2;
			productName = SineWaver_Test2;
			productReference = 5E8A52601A895EEE001D5164 /* SineWaver_Test2.app */;
			productType = "com.apple.product-type.application";
		};
		5E8A526F1A895EEE001D5164 /* SineWaver_Test2Tests */ = {
			isa = PBXNativeTarget;
			buildConfigurationList = 5E8A527D1A895EEE001D5164 /* Build configuration list for PBXNativeTarget "SineWaver_Test2Tests" */;
			buildPhases = (
				5E8A526C1A895EEE001D5164 /* Sources */,
				5E8A526D1A895EEE001D5164 /* Frameworks */,
				5E8A526E1A895EEE001D5164 /* Resources */,
			);
			buildRules = (
			);
			dependencies = (
				5E8A52721A895EEE001D5164 /* PBXTargetDependency */,
			);
			name = SineWaver_Test2Tests;
			productName = SineWaver_Test2Tests;
			productReference = 5E8A52701A895EEE001D5164 /* SineWaver_Test2Tests.xctest */;
			productType = "com.apple.product-type.bundle.unit-test";
		};
/* End PBXNativeTarget section */

/* Begin PBXProject section */
		5E8A52581A895EEE001D5164 /* Project object */ = {
			isa = PBXProject;
			attributes = {
				LastUpgradeCheck = 0610;
				ORGANIZATIONNAME = george;
				TargetAttributes = {
					5E8A525F1A895EEE001D5164 = {
						CreatedOnToolsVersion = 6.1.1;
					};
					5E8A526F1A895EEE001D5164 = {
						CreatedOnToolsVersion = 6.1.1;
						TestTargetID = 5E8A525F1A895EEE001D5164;
					};
				};
			};
			buildConfigurationList = 5E8A525B1A895EEE001D5164 /* Build configuration list for PBXProject "SineWaver_Test2" */;
			compatibilityVersion = "Xcode 3.2";
			developmentRegion = English;
			hasScannedForEncodings = 0;
			knownRegions = (
				en,
				Base,
			);
			mainGroup = 5E8A52571A895EEE001D5164;
			productRefGroup = 5E8A52611A895EEE001D5164 /* Products */;
			projectDirPath = "";
			projectRoot = "";
			targets = (
				5E8A525F1A895EEE001D5164 /* SineWaver_Test2 */,
				5E8A526F1A895EEE001D5164 /* SineWaver_Test2Tests */,
			);
		};
/* End PBXProject section */

/* Begin PBXResourcesBuildPhase section */
		5E8A525E1A895EEE001D5164 /* Resources */ = {
			isa = PBXResourcesBuildPhase;
			buildActionMask = 2147483647;
			files = (
				5E8A52681A895EEE001D5164 /* Images.xcassets in Resources */,
				5E8A526B1A895EEE001D5164 /* MainMenu.xib in Resources */,
			);
			runOnlyForDeploymentPostprocessing = 0;
		};
		5E8A526E1A895EEE001D5164 /* Resources */ = {
			isa = PBXResourcesBuildPhase;
			buildActionMask = 2147483647;
			files = (
			);
			runOnlyForDeploymentPostprocessing = 0;
		};
/* End PBXResourcesBuildPhase section */

/* Begin PBXSourcesBuildPhase section */
		5E8A525C1A895EEE001D5164 /* Sources */ = {
			isa = PBXSourcesBuildPhase;
			buildActionMask = 2147483647;
			files = (
				5E8A52851A8AFB95001D5164 /* DrawingView.swift in Sources */,
				5E8A52811A8A9CEA001D5164 /* StraightLineClass.swift in Sources */,
				5E8A52661A895EEE001D5164 /* AppDelegate.swift in Sources */,
			);
			runOnlyForDeploymentPostprocessing = 0;
		};
		5E8A526C1A895EEE001D5164 /* Sources */ = {
			isa = PBXSourcesBuildPhase;
			buildActionMask = 2147483647;
			files = (
				5E8A52771A895EEE001D5164 /* SineWaver_Test2Tests.swift in Sources */,
			);
			runOnlyForDeploymentPostprocessing = 0;
		};
/* End PBXSourcesBuildPhase section */

/* Begin PBXTargetDependency section */
		5E8A52721A895EEE001D5164 /* PBXTargetDependency */ = {
			isa = PBXTargetDependency;
			target = 5E8A525F1A895EEE001D5164 /* SineWaver_Test2 */;
			targetProxy = 5E8A52711A895EEE001D5164 /* PBXContainerItemProxy */;
		};
/* End PBXTargetDependency section */

/* Begin PBXVariantGroup section */
		5E8A52691A895EEE001D5164 /* MainMenu.xib */ = {
			isa = PBXVariantGroup;
			children = (
				5E8A526A1A895EEE001D5164 /* Base */,
			);
			name = MainMenu.xib;
			sourceTree = "<group>";
		};
/* End PBXVariantGroup section */

/* Begin XCBuildConfiguration section */
		5E8A52781A895EEE001D5164 /* Debug */ = {
			isa = XCBuildConfiguration;
			buildSettings = {
				ALWAYS_SEARCH_USER_PATHS = NO;
				CLANG_CXX_LANGUAGE_STANDARD = "gnu++0x";
				CLANG_CXX_LIBRARY = "libc++";
				CLANG_ENABLE_MODULES = YES;
				CLANG_ENABLE_OBJC_ARC = YES;
				CLANG_WARN_BOOL_CONVERSION = YES;
				CLANG_WARN_CONSTANT_CONVERSION = YES;
				CLANG_WARN_DIRECT_OBJC_ISA_USAGE = YES_ERROR;
				CLANG_WARN_EMPTY_BODY = YES;
				CLANG_WARN_ENUM_CONVERSION = YES;
				CLANG_WARN_INT_CONVERSION = YES;
				CLANG_WARN_OBJC_ROOT_CLASS = YES_ERROR;
				CLANG_WARN_UNREACHABLE_CODE = YES;
				CLANG_WARN__DUPLICATE_METHOD_MATCH = YES;
				CODE_SIGN_IDENTITY = "-";
				COPY_PHASE_STRIP = NO;
				ENABLE_STRICT_OBJC_MSGSEND = YES;
				GCC_C_LANGUAGE_STANDARD = gnu99;
				GCC_DYNAMIC_NO_PIC = NO;
				GCC_OPTIMIZATION_LEVEL = 0;
				GCC_PREPROCESSOR_DEFINITIONS = (
					"DEBUG=1",
					"$(inherited)",
				);
				GCC_SYMBOLS_PRIVATE_EXTERN = NO;
				GCC_WARN_64_TO_32_BIT_CONVERSION = YES;
				GCC_WARN_ABOUT_RETURN_TYPE = YES_ERROR;
				GCC_WARN_UNDECLARED_SELECTOR = YES;
				GCC_WARN_UNINITIALIZED_AUTOS = YES_AGGRESSIVE;
				GCC_WARN_UNUSED_FUNCTION = YES;
				GCC_WARN_UNUSED_VARIABLE = YES;
				MACOSX_DEPLOYMENT_TARGET = 10.10;
				MTL_ENABLE_DEBUG_INFO = YES;
				ONLY_ACTIVE_ARCH = YES;
				SDKROOT = macosx;
				SWIFT_OPTIMIZATION_LEVEL = "-Onone";
			};
			name = Debug;
		};
		5E8A52791A895EEE001D5164 /* Release */ = {
			isa = XCBuildConfiguration;
			buildSettings = {
				ALWAYS_SEARCH_USER_PATHS = NO;
				CLANG_CXX_LANGUAGE_STANDARD = "gnu++0x";
				CLANG_CXX_LIBRARY = "libc++";
				CLANG_ENABLE_MODULES = YES;
				CLANG_ENABLE_OBJC_ARC = YES;
				CLANG_WARN_BOOL_CONVERSION = YES;
				CLANG_WARN_CONSTANT_CONVERSION = YES;
				CLANG_WARN_DIRECT_OBJC_ISA_USAGE = YES_ERROR;
				CLANG_WARN_EMPTY_BODY = YES;
				CLANG_WARN_ENUM_CONVERSION = YES;
				CLANG_WARN_INT_CONVERSION = YES;
				CLANG_WARN_OBJC_ROOT_CLASS = YES_ERROR;
				CLANG_WARN_UNREACHABLE_CODE = YES;
				CLANG_WARN__DUPLICATE_METHOD_MATCH = YES;
				CODE_SIGN_IDENTITY = "-";
				COPY_PHASE_STRIP = YES;
				DEBUG_INFORMATION_FORMAT = "dwarf-with-dsym";
				ENABLE_NS_ASSERTIONS = NO;
				ENABLE_STRICT_OBJC_MSGSEND = YES;
				GCC_C_LANGUAGE_STANDARD = gnu99;
				GCC_WARN_64_TO_32_BIT_CONVERSION = YES;
				GCC_WARN_ABOUT_RETURN_TYPE = YES_ERROR;
				GCC_WARN_UNDECLARED_SELECTOR = YES;
				GCC_WARN_UNINITIALIZED_AUTOS = YES_AGGRESSIVE;
				GCC_WARN_UNUSED_FUNCTION = YES;
				GCC_WARN_UNUSED_VARIABLE = YES;
				MACOSX_DEPLOYMENT_TARGET = 10.10;
				MTL_ENABLE_DEBUG_INFO = NO;
				SDKROOT = macosx;
			};
			name = Release;
		};
		5E8A527B1A895EEE001D5164 /* Debug */ = {
			isa = XCBuildConfiguration;
			buildSettings = {
				ASSETCATALOG_COMPILER_APPICON_NAME = AppIcon;
				COMBINE_HIDPI_IMAGES = YES;
				INFOPLIST_FILE = SineWaver_Test2/Info.plist;
				LD_RUNPATH_SEARCH_PATHS = "$(inherited) @executable_path/../Frameworks";
				PRODUCT_NAME = "$(TARGET_NAME)";
			};
			name = Debug;
		};
		5E8A527C1A895EEE001D5164 /* Release */ = {
			isa = XCBuildConfiguration;
			buildSettings = {
				ASSETCATALOG_COMPILER_APPICON_NAME = AppIcon;
				COMBINE_HIDPI_IMAGES = YES;
				INFOPLIST_FILE = SineWaver_Test2/Info.plist;
				LD_RUNPATH_SEARCH_PATHS = "$(inherited) @executable_path/../Frameworks";
				PRODUCT_NAME = "$(TARGET_NAME)";
			};
			name = Release;
		};
		5E8A527E1A895EEE001D5164 /* Debug */ = {
			isa = XCBuildConfiguration;
			buildSettings = {
				BUNDLE_LOADER = "$(TEST_HOST)";
				COMBINE_HIDPI_IMAGES = YES;
				FRAMEWORK_SEARCH_PATHS = (
					"$(DEVELOPER_FRAMEWORKS_DIR)",
					"$(inherited)",
				);
				GCC_PREPROCESSOR_DEFINITIONS = (
					"DEBUG=1",
					"$(inherited)",
				);
				INFOPLIST_FILE = SineWaver_Test2Tests/Info.plist;
				LD_RUNPATH_SEARCH_PATHS = "$(inherited) @executable_path/../Frameworks @loader_path/../Frameworks";
				PRODUCT_NAME = "$(TARGET_NAME)";
				TEST_HOST = "$(BUILT_PRODUCTS_DIR)/SineWaver_Test2.app/Contents/MacOS/SineWaver_Test2";
			};
			name = Debug;
		};
		5E8A527F1A895EEE001D5164 /* Release */ = {
			isa = XCBuildConfiguration;
			buildSettings = {
				BUNDLE_LOADER = "$(TEST_HOST)";
				COMBINE_HIDPI_IMAGES = YES;
				FRAMEWORK_SEARCH_PATHS = (
					"$(DEVELOPER_FRAMEWORKS_DIR)",
					"$(inherited)",
				);
				INFOPLIST_FILE = SineWaver_Test2Tests/Info.plist;
				LD_RUNPATH_SEARCH_PATHS = "$(inherited) @executable_path/../Frameworks @loader_path/../Frameworks";
				PRODUCT_NAME = "$(TARGET_NAME)";
				TEST_HOST = "$(BUILT_PRODUCTS_DIR)/SineWaver_Test2.app/Contents/MacOS/SineWaver_Test2";
			};
			name = Release;
		};
/* End XCBuildConfiguration section */

/* Begin XCConfigurationList section */
		5E8A525B1A895EEE001D5164 /* Build configuration list for PBXProject "SineWaver_Test2" */ = {
			isa = XCConfigurationList;
			buildConfigurations = (
				5E8A52781A895EEE001D5164 /* Debug */,
				5E8A52791A895EEE001D5164 /* Release */,
			);
			defaultConfigurationIsVisible = 0;
			defaultConfigurationName = Release;
		};
		5E8A527A1A895EEE001D5164 /* Build configuration list for PBXNativeTarget "SineWaver_Test2" */ = {
			isa = XCConfigurationList;
			buildConfigurations = (
				5E8A527B1A895EEE001D5164 /* Debug */,
				5E8A527C1A895EEE001D5164 /* Release */,
			);
			defaultConfigurationIsVisible = 0;
		};
		5E8A527D1A895EEE001D5164 /* Build configuration list for PBXNativeTarget "SineWaver_Test2Tests" */ = {
			isa = XCConfigurationList;
			buildConfigurations = (
				5E8A527E1A895EEE001D5164 /* Debug */,
				5E8A527F1A895EEE001D5164 /* Release */,
			);
			defaultConfigurationIsVisible = 0;
		};
/* End XCConfigurationList section */
	};
	rootObject = 5E8A52581A895EEE001D5164 /* Project object */;
}
